
Microsoft Visual Studio Solution File, Format Version 12.00
# Visual Studio 15
VisualStudioVersion = 15.0.28307.852
MinimumVisualStudioVersion = 10.0.40219.1
Project("{FAE04EC0-301F-11D3-BF4B-00C04F79EFBC}") = "DesignPatternsReport", "DesignPatternsReport\DesignPatternsReport.csproj", "{D5732929-99FC-4E4D-B581-17B54128AC8A}"
EndProject
Global
	GlobalSection(SolutionConfigurationPlatforms) = preSolution
		Debug|Any CPU = Debug|Any CPU
		Release|Any CPU = Release|Any CPU
	EndGlobalSection
	GlobalSection(ProjectConfigurationPlatforms) = postSolution
		{D5732929-99FC-4E4D-B581-17B54128AC8A}.Debug|Any CPU.ActiveCfg = Debug|Any CPU
		{D5732929-99FC-4E4D-B581-17B54128AC8A}.Debug|Any CPU.Build.0 = Debug|Any CPU
		{D5732929-99FC-4E4D-B581-17B54128AC8A}.Release|Any CPU.ActiveCfg = Release|Any CPU
		{D5732929-99FC-4E4D-B581-17B54128AC8A}.Release|Any CPU.Build.0 = Release|Any CPU
	EndGlobalSection
	GlobalSection(SolutionProperties) = preSolution
		HideSolutionNode = FALSE
	EndGlobalSection
	GlobalSection(ExtensibilityGlobals) = postSolution
		SolutionGuid = {A9F38E37-4F36-4438-AE3C-7A3257ADADA7}
	EndGlobalSection
EndGlobal
